
Microsoft Visual Studio Solution File, Format Version 12.00
# Visual Studio Version 17
VisualStudioVersion = 17.3.32929.385
MinimumVisualStudioVersion = 10.0.40219.1
Project("{FAE04EC0-301F-11D3-BF4B-00C04F79EFBC}") = "DataAccess", "DataAccess\DataAccess.csproj", "{CC2D4BEB-3634-4112-8509-E9B45567C9AA}"
EndProject
Project("{FAE04EC0-301F-11D3-BF4B-00C04F79EFBC}") = "AnimalsConsole", "AnimalsConsole\AnimalsConsole.csproj", "{6D7D11B7-AB1F-4CAA-A2C3-857AF1BB4816}"
EndProject
Global
	GlobalSection(SolutionConfigurationPlatforms) = preSolution
		Debug|Any CPU = Debug|Any CPU
		Release|Any CPU = Release|Any CPU
	EndGlobalSection
	GlobalSection(ProjectConfigurationPlatforms) = postSolution
		{CC2D4BEB-3634-4112-8509-E9B45567C9AA}.Debug|Any CPU.ActiveCfg = Debug|Any CPU
		{CC2D4BEB-3634-4112-8509-E9B45567C9AA}.Debug|Any CPU.Build.0 = Debug|Any CPU
		{CC2D4BEB-3634-4112-8509-E9B45567C9AA}.Release|Any CPU.ActiveCfg = Release|Any CPU
		{CC2D4BEB-3634-4112-8509-E9B45567C9AA}.Release|Any CPU.Build.0 = Release|Any CPU
		{6D7D11B7-AB1F-4CAA-A2C3-857AF1BB4816}.Debug|Any CPU.ActiveCfg = Debug|Any CPU
		{6D7D11B7-AB1F-4CAA-A2C3-857AF1BB4816}.Debug|Any CPU.Build.0 = Debug|Any CPU
		{6D7D11B7-AB1F-4CAA-A2C3-857AF1BB4816}.Release|Any CPU.ActiveCfg = Release|Any CPU
		{6D7D11B7-AB1F-4CAA-A2C3-857AF1BB4816}.Release|Any CPU.Build.0 = Release|Any CPU
	EndGlobalSection
	GlobalSection(SolutionProperties) = preSolution
		HideSolutionNode = FALSE
	EndGlobalSection
	GlobalSection(ExtensibilityGlobals) = postSolution
		SolutionGuid = {4841577D-C2EF-4063-8C4C-2442261601AB}
	EndGlobalSection
EndGlobal
